
Microsoft Visual Studio Solution File, Format Version 12.00
# Visual Studio 2012
Project("{FAE04EC0-301F-11D3-BF4B-00C04F79EFBC}") = "TestImdb", "TestImdb\TestImdb.csproj", "{B17D453A-F24E-4F07-ADFA-8715A2BF23F4}"
	ProjectSection(ProjectDependencies) = postProject
		{5FC352B9-B421-4FFC-9B7F-0483ED16B25F} = {5FC352B9-B421-4FFC-9B7F-0483ED16B25F}
	EndProjectSection
EndProject
Project("{FAE04EC0-301F-11D3-BF4B-00C04F79EFBC}") = "FW", "FW\FW.csproj", "{5FC352B9-B421-4FFC-9B7F-0483ED16B25F}"
EndProject
Global
	GlobalSection(SolutionConfigurationPlatforms) = preSolution
		Debug|Any CPU = Debug|Any CPU
		Release|Any CPU = Release|Any CPU
	EndGlobalSection
	GlobalSection(ProjectConfigurationPlatforms) = postSolution
		{B17D453A-F24E-4F07-ADFA-8715A2BF23F4}.Debug|Any CPU.ActiveCfg = Debug|Any CPU
		{B17D453A-F24E-4F07-ADFA-8715A2BF23F4}.Debug|Any CPU.Build.0 = Debug|Any CPU
		{B17D453A-F24E-4F07-ADFA-8715A2BF23F4}.Release|Any CPU.ActiveCfg = Release|Any CPU
		{B17D453A-F24E-4F07-ADFA-8715A2BF23F4}.Release|Any CPU.Build.0 = Release|Any CPU
		{5FC352B9-B421-4FFC-9B7F-0483ED16B25F}.Debug|Any CPU.ActiveCfg = Debug|Any CPU
		{5FC352B9-B421-4FFC-9B7F-0483ED16B25F}.Debug|Any CPU.Build.0 = Debug|Any CPU
		{5FC352B9-B421-4FFC-9B7F-0483ED16B25F}.Release|Any CPU.ActiveCfg = Release|Any CPU
		{5FC352B9-B421-4FFC-9B7F-0483ED16B25F}.Release|Any CPU.Build.0 = Release|Any CPU
	EndGlobalSection
	GlobalSection(SolutionProperties) = preSolution
		HideSolutionNode = FALSE
	EndGlobalSection
EndGlobal
